PODS:
  - AFNetworking (3.1.0):
    - AFNetworking/NSURLSession (= 3.1.0)
    - AFNetworking/Reachability (= 3.1.0)
    - AFNetworking/Security (= 3.1.0)
    - AFNetworking/Serialization (= 3.1.0)
    - AFNetworking/UIKit (= 3.1.0)
  - AFNetworking/NSURLSession (3.1.0):
    - AFNetworking/Reachability
    - AFNetworking/Security
    - AFNetworking/Serialization
  - AFNetworking/Reachability (3.1.0)
  - AFNetworking/Security (3.1.0)
  - AFNetworking/Serialization (3.1.0)
  - AFNetworking/UIKit (3.1.0):
    - AFNetworking/NSURLSession
  - AMap2DMap (4.6.0):
    - AMapFoundation (~> 1.3)
  - AMapFoundation (1.4.0)
  - AMapSearch (5.0.0):
    - AMapFoundation (~> 1.2)
  - BabyBluetooth (0.7.0)
  - FDFullscreenPopGesture_Bell (2.0)
  - FMDB (2.6.2):
    - FMDB/standard (= 2.6.2)
  - FMDB/standard (2.6.2)
  - IQKeyboardManager (3.2.4)
  - JCore (1.1.3)
  - JMKeyValueStore (0.1.0):
    - FMDB (~> 2.0)
  - JPush (3.0.2):
    - JCore (~> 1.1.1)
  - Mantle (2.0.7):
    - Mantle/extobjc (= 2.0.7)
  - Mantle/extobjc (2.0.7)
  - Masonry (0.6.4)
  - MBProgressHUD (1.0.0)
  - MJRefresh (2.2.1)
  - ProgressHUD (2.4)
  - ReactiveCocoa (2.5):
    - ReactiveCocoa/UI (= 2.5)
  - ReactiveCocoa/Core (2.5):
    - ReactiveCocoa/no-arc
  - ReactiveCocoa/no-arc (2.5)
  - ReactiveCocoa/UI (2.5):
    - ReactiveCocoa/Core
  - SDAutoLayout (2.1.8)
  - SDWebImage (3.7.6):
    - SDWebImage/Core (= 3.7.6)
  - SDWebImage/Core (3.7.6)
  - YTKNetwork (2.0.3):
    - AFNetworking (~> 3.0)

DEPENDENCIES:
  - AFNetworking (~> 3.1.0)
  - AMap2DMap
  - AMapSearch
  - BabyBluetooth (~> 0.7.0)
  - FDFullscreenPopGesture_Bell (~> 2.0)
  - IQKeyboardManager (~> 3.2.4)
  - JMKeyValueStore (~> 0.1.0)
  - JPush
  - Mantle (~> 2.0.6)
  - Masonry (~> 0.6.4)
  - MBProgressHUD (~> 1.0.0)
  - MJRefresh (~> 2.2.0)
  - ProgressHUD (~> 2.4)
  - ReactiveCocoa (~> 2.5)
  - SDAutoLayout (~> 2.1.8)
  - SDWebImage (~> 3.7.3)
  - YTKNetwork (~> 2.0.3)

SPEC CHECKSUMS:
  AFNetworking: 5e0e199f73d8626b11e79750991f5d173d1f8b67
  AMap2DMap: 003fa70526983a1469ae6fc3323a6ee8b5ccf53c
  AMapFoundation: 458974f46a39df8407fd818ab83d2630d494c726
  AMapSearch: cf7fd100d533995822d92c22586abfaf7cdf6eef
  BabyBluetooth: d50758aecf24d4a0ab9271d69f0f116d6bee51c9
  FDFullscreenPopGesture_Bell: 7512810077dd7f167cfb6a14e060cdfd71ca5729
  FMDB: 854a0341b4726e53276f2a8996f06f1b80f9259a
  IQKeyboardManager: 555b1231fefafb21b19278d7cca72986a27b748b
  JCore: dff3c50e9a7522a508cd9096ca79165968e1aed3
  JMKeyValueStore: 5725e5134c582eb508e4396225099b30c0823d42
  JPush: 01a693fafe51b93eafc2e368bbc7a7cc07e12ce4
  Mantle: bc40bb061d8c2c6fb48d5083e04d928c3b7f73d9
  Masonry: 281802d04d787ea2973179ee8bcb50500579ede2
  MBProgressHUD: 4890f671c94e8a0f3cf959aa731e9de2f036d71a
  MJRefresh: c3fa0387e8e97a11a9666639d2f815607edd1c2f
  ProgressHUD: 4b66b0df0e08519c5c7283a198fd2867a114c95a
  ReactiveCocoa: e2db045570aa97c695e7aa97c2bcab222ae51f4a
  SDAutoLayout: 5a4b48d6b8a5172ae8d088d2879e40dd795e6251
  SDWebImage: c325cf02c30337336b95beff20a13df489ec0ec9
  YTKNetwork: c4b0c29c9d639dc050d475de69ee626d53eac598

PODFILE CHECKSUM: 810e909c4c8da9d848840809618260a9801d4856

COCOAPODS: 1.2.1
